
Microsoft Visual Studio Solution File, Format Version 12.00
# Visual Studio Version 17
VisualStudioVersion = 17.0.31903.59
MinimumVisualStudioVersion = 10.0.40219.1
Project("{FAE04EC0-301F-11D3-BF4B-00C04F79EFBC}") = "Inuveon.EventStore", "Inuveon.EventStore\Inuveon.EventStore.csproj", "{7FF7249A-10AD-4ED0-AE27-5FB5B230BA06}"
EndProject
Project("{FAE04EC0-301F-11D3-BF4B-00C04F79EFBC}") = "Inuveon.EventStore.Tests", "Inuveon.EventStore.Tests\Inuveon.EventStore.Tests.csproj", "{1862328B-0EE2-43AD-9881-8565043C7410}"
EndProject
Project("{FAE04EC0-301F-11D3-BF4B-00C04F79EFBC}") = "Inuveon.EventStore.CosmosDb", "Inuveon.EventStore.CosmosDb\Inuveon.EventStore.CosmosDb.csproj", "{39B5D596-C0DF-4947-A4E4-29D75540C526}"
EndProject
Project("{FAE04EC0-301F-11D3-BF4B-00C04F79EFBC}") = "Inuveon.EventStore.Providers.Tests", "Inuveon.EventStore.Providers.Tests\Inuveon.EventStore.Providers.Tests.csproj", "{8D14EB55-DA0E-486B-95C4-FCFB8F811E56}"
EndProject
Global
	GlobalSection(SolutionConfigurationPlatforms) = preSolution
		Debug|Any CPU = Debug|Any CPU
		Release|Any CPU = Release|Any CPU
	EndGlobalSection
	GlobalSection(SolutionProperties) = preSolution
		HideSolutionNode = FALSE
	EndGlobalSection
	GlobalSection(ProjectConfigurationPlatforms) = postSolution
		{7FF7249A-10AD-4ED0-AE27-5FB5B230BA06}.Debug|Any CPU.ActiveCfg = Debug|Any CPU
		{7FF7249A-10AD-4ED0-AE27-5FB5B230BA06}.Debug|Any CPU.Build.0 = Debug|Any CPU
		{7FF7249A-10AD-4ED0-AE27-5FB5B230BA06}.Release|Any CPU.ActiveCfg = Release|Any CPU
		{7FF7249A-10AD-4ED0-AE27-5FB5B230BA06}.Release|Any CPU.Build.0 = Release|Any CPU
		{1862328B-0EE2-43AD-9881-8565043C7410}.Debug|Any CPU.ActiveCfg = Debug|Any CPU
		{1862328B-0EE2-43AD-9881-8565043C7410}.Debug|Any CPU.Build.0 = Debug|Any CPU
		{1862328B-0EE2-43AD-9881-8565043C7410}.Release|Any CPU.ActiveCfg = Release|Any CPU
		{1862328B-0EE2-43AD-9881-8565043C7410}.Release|Any CPU.Build.0 = Release|Any CPU
		{39B5D596-C0DF-4947-A4E4-29D75540C526}.Debug|Any CPU.ActiveCfg = Debug|Any CPU
		{39B5D596-C0DF-4947-A4E4-29D75540C526}.Debug|Any CPU.Build.0 = Debug|Any CPU
		{39B5D596-C0DF-4947-A4E4-29D75540C526}.Release|Any CPU.ActiveCfg = Release|Any CPU
		{39B5D596-C0DF-4947-A4E4-29D75540C526}.Release|Any CPU.Build.0 = Release|Any CPU
		{8D14EB55-DA0E-486B-95C4-FCFB8F811E56}.Debug|Any CPU.ActiveCfg = Debug|Any CPU
		{8D14EB55-DA0E-486B-95C4-FCFB8F811E56}.Debug|Any CPU.Build.0 = Debug|Any CPU
		{8D14EB55-DA0E-486B-95C4-FCFB8F811E56}.Release|Any CPU.ActiveCfg = Release|Any CPU
		{8D14EB55-DA0E-486B-95C4-FCFB8F811E56}.Release|Any CPU.Build.0 = Release|Any CPU
	EndGlobalSection
EndGlobal
